// !$*UTF8*$!
{
	archiveVersion = 1;
	classes = {
	};
	objectVersion = 56;
	objects = {

/* Begin PBXBuildFile section */
		171232492A0EB42D00DB3338 /* SheetView.swift in Sources */ = {isa = PBXBuildFile; fileRef = 171232482A0EB42D00DB3338 /* SheetView.swift */; };
		171551F62A10BBC80086CEEA /* WidgetKit.framework in Frameworks */ = {isa = PBXBuildFile; fileRef = 1715519E2A10A8C00086CEEA /* WidgetKit.framework */; };
		171551F72A10BBC80086CEEA /* SwiftUI.framework in Frameworks */ = {isa = PBXBuildFile; fileRef = 171551A02A10A8C00086CEEA /* SwiftUI.framework */; };
		171551FA2A10BBC80086CEEA /* WristGraphWidget_WatchBundle.swift in Sources */ = {isa = PBXBuildFile; fileRef = 171551F92A10BBC80086CEEA /* WristGraphWidget_WatchBundle.swift */; };
		171551FC2A10BBC80086CEEA /* WristGraphWidget_Watch.swift in Sources */ = {isa = PBXBuildFile; fileRef = 171551FB2A10BBC80086CEEA /* WristGraphWidget_Watch.swift */; };
		171551FE2A10BBC90086CEEA /* Assets.xcassets in Resources */ = {isa = PBXBuildFile; fileRef = 171551FD2A10BBC90086CEEA /* Assets.xcassets */; };
		171552032A10BC250086CEEA /* WristGraphWidget WatchExtension.appex in Embed Foundation Extensions */ = {isa = PBXBuildFile; fileRef = 171551F52A10BBC80086CEEA /* WristGraphWidget WatchExtension.appex */; settings = {ATTRIBUTES = (RemoveHeadersOnCopy, ); }; };
		171552062A10BF490086CEEA /* GraphView.swift in Sources */ = {isa = PBXBuildFile; fileRef = 17F710FC2A0B5B2F0042D8F2 /* GraphView.swift */; };
		171552072A10BF6B0086CEEA /* GraphElement.swift in Sources */ = {isa = PBXBuildFile; fileRef = 17F711002A0B5C990042D8F2 /* GraphElement.swift */; };
		171552082A10BF770086CEEA /* APIClient.swift in Sources */ = {isa = PBXBuildFile; fileRef = 1738575D2A0ABF7F00DA7204 /* APIClient.swift */; };
		171552092A10BF770086CEEA /* Target.swift in Sources */ = {isa = PBXBuildFile; fileRef = 173857562A0AB70800DA7204 /* Target.swift */; };
		1715520A2A10BF770086CEEA /* ParseModel.swift in Sources */ = {isa = PBXBuildFile; fileRef = 173857602A0AC00300DA7204 /* ParseModel.swift */; };
		1715520B2A10BF770086CEEA /* AccessToken.swift in Sources */ = {isa = PBXBuildFile; fileRef = 17F710F42A0B55870042D8F2 /* AccessToken.swift */; };
		1715520D2A10BFDD0086CEEA /* Moya in Frameworks */ = {isa = PBXBuildFile; productRef = 1715520C2A10BFDD0086CEEA /* Moya */; };
		171C854C2A0D3E7C004C11FF /* WatchConnectivityManager.swift in Sources */ = {isa = PBXBuildFile; fileRef = 171C854B2A0D3E7C004C11FF /* WatchConnectivityManager.swift */; };
		171C854D2A0D3E7C004C11FF /* WatchConnectivityManager.swift in Sources */ = {isa = PBXBuildFile; fileRef = 171C854B2A0D3E7C004C11FF /* WatchConnectivityManager.swift */; };
		173857292A0A98DF00DA7204 /* WristGraphApp.swift in Sources */ = {isa = PBXBuildFile; fileRef = 173857282A0A98DF00DA7204 /* WristGraphApp.swift */; };
		1738572B2A0A98DF00DA7204 /* ContentView.swift in Sources */ = {isa = PBXBuildFile; fileRef = 1738572A2A0A98DF00DA7204 /* ContentView.swift */; };
		1738572D2A0A98E100DA7204 /* Assets.xcassets in Resources */ = {isa = PBXBuildFile; fileRef = 1738572C2A0A98E100DA7204 /* Assets.xcassets */; };
		173857302A0A98E100DA7204 /* Preview Assets.xcassets in Resources */ = {isa = PBXBuildFile; fileRef = 1738572F2A0A98E100DA7204 /* Preview Assets.xcassets */; };
		173857362A0A98E100DA7204 /* WristGraph Watch App.app in Embed Watch Content */ = {isa = PBXBuildFile; fileRef = 173857352A0A98E100DA7204 /* WristGraph Watch App.app */; settings = {ATTRIBUTES = (RemoveHeadersOnCopy, ); }; };
		1738573B2A0A98E100DA7204 /* WristGraphApp.swift in Sources */ = {isa = PBXBuildFile; fileRef = 1738573A2A0A98E100DA7204 /* WristGraphApp.swift */; };
		1738573D2A0A98E100DA7204 /* ContentView.swift in Sources */ = {isa = PBXBuildFile; fileRef = 1738573C2A0A98E100DA7204 /* ContentView.swift */; };
		1738573F2A0A98E100DA7204 /* Assets.xcassets in Resources */ = {isa = PBXBuildFile; fileRef = 1738573E2A0A98E100DA7204 /* Assets.xcassets */; };
		173857422A0A98E100DA7204 /* Preview Assets.xcassets in Resources */ = {isa = PBXBuildFile; fileRef = 173857412A0A98E100DA7204 /* Preview Assets.xcassets */; };
		173857572A0AB70800DA7204 /* Target.swift in Sources */ = {isa = PBXBuildFile; fileRef = 173857562A0AB70800DA7204 /* Target.swift */; };
		173857582A0AB70800DA7204 /* Target.swift in Sources */ = {isa = PBXBuildFile; fileRef = 173857562A0AB70800DA7204 /* Target.swift */; };
		1738575E2A0ABF7F00DA7204 /* APIClient.swift in Sources */ = {isa = PBXBuildFile; fileRef = 1738575D2A0ABF7F00DA7204 /* APIClient.swift */; };
		1738575F2A0ABF7F00DA7204 /* APIClient.swift in Sources */ = {isa = PBXBuildFile; fileRef = 1738575D2A0ABF7F00DA7204 /* APIClient.swift */; };
		173857612A0AC00300DA7204 /* ParseModel.swift in Sources */ = {isa = PBXBuildFile; fileRef = 173857602A0AC00300DA7204 /* ParseModel.swift */; };
		179A7FA52A0ACBF2000276A2 /* Moya in Frameworks */ = {isa = PBXBuildFile; productRef = 179A7FA42A0ACBF2000276A2 /* Moya */; };
		17F710F52A0B55870042D8F2 /* AccessToken.swift in Sources */ = {isa = PBXBuildFile; fileRef = 17F710F42A0B55870042D8F2 /* AccessToken.swift */; };
		17F710F62A0B57100042D8F2 /* ParseModel.swift in Sources */ = {isa = PBXBuildFile; fileRef = 173857602A0AC00300DA7204 /* ParseModel.swift */; };
		17F710F72A0B57250042D8F2 /* AccessToken.swift in Sources */ = {isa = PBXBuildFile; fileRef = 17F710F42A0B55870042D8F2 /* AccessToken.swift */; };
		17F710FD2A0B5B2F0042D8F2 /* GraphView.swift in Sources */ = {isa = PBXBuildFile; fileRef = 17F710FC2A0B5B2F0042D8F2 /* GraphView.swift */; };
		17F710FE2A0B5B2F0042D8F2 /* GraphView.swift in Sources */ = {isa = PBXBuildFile; fileRef = 17F710FC2A0B5B2F0042D8F2 /* GraphView.swift */; };
		17F711012A0B5C990042D8F2 /* GraphElement.swift in Sources */ = {isa = PBXBuildFile; fileRef = 17F711002A0B5C990042D8F2 /* GraphElement.swift */; };
		17F711022A0B5C990042D8F2 /* GraphElement.swift in Sources */ = {isa = PBXBuildFile; fileRef = 17F711002A0B5C990042D8F2 /* GraphElement.swift */; };
		17FBBAFD2A0ACD8500B0C177 /* Moya in Frameworks */ = {isa = PBXBuildFile; productRef = 17FBBAFC2A0ACD8500B0C177 /* Moya */; };
/* End PBXBuildFile section */

/* Begin PBXContainerItemProxy section */
		171552042A10BC250086CEEA /* PBXContainerItemProxy */ = {
			isa = PBXContainerItemProxy;
			containerPortal = 1738571D2A0A98DF00DA7204 /* Project object */;
			proxyType = 1;
			remoteGlobalIDString = 171551F42A10BBC80086CEEA;
			remoteInfo = "WristGraphWidget WatchExtension";
		};
		173857372A0A98E100DA7204 /* PBXContainerItemProxy */ = {
			isa = PBXContainerItemProxy;
			containerPortal = 1738571D2A0A98DF00DA7204 /* Project object */;
			proxyType = 1;
			remoteGlobalIDString = 173857342A0A98E100DA7204;
			remoteInfo = "WristGraph Watch App";
		};
/* End PBXContainerItemProxy section */

/* Begin PBXCopyFilesBuildPhase section */
		171551B32A10A8C10086CEEA /* Embed Foundation Extensions */ = {
			isa = PBXCopyFilesBuildPhase;
			buildActionMask = 2147483647;
			dstPath = "";
			dstSubfolderSpec = 13;
			files = (
			);
			name = "Embed Foundation Extensions";
			runOnlyForDeploymentPostprocessing = 0;
		};
		171551ED2A10B9850086CEEA /* Embed Foundation Extensions */ = {
			isa = PBXCopyFilesBuildPhase;
			buildActionMask = 2147483647;
			dstPath = "";
			dstSubfolderSpec = 13;
			files = (
				171552032A10BC250086CEEA /* WristGraphWidget WatchExtension.appex in Embed Foundation Extensions */,
			);
			name = "Embed Foundation Extensions";
			runOnlyForDeploymentPostprocessing = 0;
		};
		173857482A0A98E100DA7204 /* Embed Watch Content */ = {
			isa = PBXCopyFilesBuildPhase;
			buildActionMask = 2147483647;
			dstPath = "$(CONTENTS_FOLDER_PATH)/Watch";
			dstSubfolderSpec = 16;
			files = (
				173857362A0A98E100DA7204 /* WristGraph Watch App.app in Embed Watch Content */,
			);
			name = "Embed Watch Content";
			runOnlyForDeploymentPostprocessing = 0;
		};
/* End PBXCopyFilesBuildPhase section */

/* Begin PBXFileReference section */
		171232482A0EB42D00DB3338 /* SheetView.swift */ = {isa = PBXFileReference; lastKnownFileType = sourcecode.swift; path = SheetView.swift; sourceTree = "<group>"; };
		1715519E2A10A8C00086CEEA /* WidgetKit.framework */ = {isa = PBXFileReference; lastKnownFileType = wrapper.framework; name = WidgetKit.framework; path = System/Library/Frameworks/WidgetKit.framework; sourceTree = SDKROOT; };
		171551A02A10A8C00086CEEA /* SwiftUI.framework */ = {isa = PBXFileReference; lastKnownFileType = wrapper.framework; name = SwiftUI.framework; path = System/Library/Frameworks/SwiftUI.framework; sourceTree = SDKROOT; };
		171551F52A10BBC80086CEEA /* WristGraphWidget WatchExtension.appex */ = {isa = PBXFileReference; explicitFileType = "wrapper.app-extension"; includeInIndex = 0; path = "WristGraphWidget WatchExtension.appex"; sourceTree = BUILT_PRODUCTS_DIR; };
		171551F92A10BBC80086CEEA /* WristGraphWidget_WatchBundle.swift */ = {isa = PBXFileReference; lastKnownFileType = sourcecode.swift; path = WristGraphWidget_WatchBundle.swift; sourceTree = "<group>"; };
		171551FB2A10BBC80086CEEA /* WristGraphWidget_Watch.swift */ = {isa = PBXFileReference; lastKnownFileType = sourcecode.swift; path = WristGraphWidget_Watch.swift; sourceTree = "<group>"; };
		171551FD2A10BBC90086CEEA /* Assets.xcassets */ = {isa = PBXFileReference; lastKnownFileType = folder.assetcatalog; path = Assets.xcassets; sourceTree = "<group>"; };
		171551FF2A10BBC90086CEEA /* Info.plist */ = {isa = PBXFileReference; lastKnownFileType = text.plist.xml; path = Info.plist; sourceTree = "<group>"; };
		171C854B2A0D3E7C004C11FF /* WatchConnectivityManager.swift */ = {isa = PBXFileReference; lastKnownFileType = sourcecode.swift; path = WatchConnectivityManager.swift; sourceTree = "<group>"; };
		173857252A0A98DF00DA7204 /* WristGraph.app */ = {isa = PBXFileReference; explicitFileType = wrapper.application; includeInIndex = 0; path = WristGraph.app; sourceTree = BUILT_PRODUCTS_DIR; };
		173857282A0A98DF00DA7204 /* WristGraphApp.swift */ = {isa = PBXFileReference; lastKnownFileType = sourcecode.swift; path = WristGraphApp.swift; sourceTree = "<group>"; };
		1738572A2A0A98DF00DA7204 /* ContentView.swift */ = {isa = PBXFileReference; lastKnownFileType = sourcecode.swift; path = ContentView.swift; sourceTree = "<group>"; };
		1738572C2A0A98E100DA7204 /* Assets.xcassets */ = {isa = PBXFileReference; lastKnownFileType = folder.assetcatalog; path = Assets.xcassets; sourceTree = "<group>"; };
		1738572F2A0A98E100DA7204 /* Preview Assets.xcassets */ = {isa = PBXFileReference; lastKnownFileType = folder.assetcatalog; path = "Preview Assets.xcassets"; sourceTree = "<group>"; };
		173857352A0A98E100DA7204 /* WristGraph Watch App.app */ = {isa = PBXFileReference; explicitFileType = wrapper.application; includeInIndex = 0; path = "WristGraph Watch App.app"; sourceTree = BUILT_PRODUCTS_DIR; };
		1738573A2A0A98E100DA7204 /* WristGraphApp.swift */ = {isa = PBXFileReference; lastKnownFileType = sourcecode.swift; path = WristGraphApp.swift; sourceTree = "<group>"; };
		1738573C2A0A98E100DA7204 /* ContentView.swift */ = {isa = PBXFileReference; lastKnownFileType = sourcecode.swift; path = ContentView.swift; sourceTree = "<group>"; };
		1738573E2A0A98E100DA7204 /* Assets.xcassets */ = {isa = PBXFileReference; lastKnownFileType = folder.assetcatalog; path = Assets.xcassets; sourceTree = "<group>"; };
		173857412A0A98E100DA7204 /* Preview Assets.xcassets */ = {isa = PBXFileReference; lastKnownFileType = folder.assetcatalog; path = "Preview Assets.xcassets"; sourceTree = "<group>"; };
		173857562A0AB70800DA7204 /* Target.swift */ = {isa = PBXFileReference; lastKnownFileType = sourcecode.swift; path = Target.swift; sourceTree = "<group>"; };
		1738575D2A0ABF7F00DA7204 /* APIClient.swift */ = {isa = PBXFileReference; lastKnownFileType = sourcecode.swift; path = APIClient.swift; sourceTree = "<group>"; };
		173857602A0AC00300DA7204 /* ParseModel.swift */ = {isa = PBXFileReference; lastKnownFileType = sourcecode.swift; path = ParseModel.swift; sourceTree = "<group>"; };
		1745896C2A0ECBD700D0FC47 /* WatchKit.framework */ = {isa = PBXFileReference; lastKnownFileType = wrapper.framework; name = WatchKit.framework; path = Platforms/WatchOS.platform/Developer/SDKs/WatchOS9.4.sdk/System/Library/Frameworks/WatchKit.framework; sourceTree = DEVELOPER_DIR; };
		1745896E2A0ECC0B00D0FC47 /* WatchConnectivity.framework */ = {isa = PBXFileReference; lastKnownFileType = wrapper.framework; name = WatchConnectivity.framework; path = Platforms/iPhoneOS.platform/Developer/SDKs/iPhoneOS16.4.sdk/System/Library/Frameworks/WatchConnectivity.framework; sourceTree = DEVELOPER_DIR; };
		174589702A0ECC1900D0FC47 /* WatchConnectivity.framework */ = {isa = PBXFileReference; lastKnownFileType = wrapper.framework; name = WatchConnectivity.framework; path = Platforms/WatchOS.platform/Developer/SDKs/WatchOS9.4.sdk/System/Library/Frameworks/WatchConnectivity.framework; sourceTree = DEVELOPER_DIR; };
		175E12FC2A136D6F00679E04 /* WristGraph.entitlements */ = {isa = PBXFileReference; lastKnownFileType = text.plist.entitlements; path = WristGraph.entitlements; sourceTree = "<group>"; };
		175E12FD2A13700E00679E04 /* WristGraphWidget WatchExtension.entitlements */ = {isa = PBXFileReference; lastKnownFileType = text.plist.entitlements; path = "WristGraphWidget WatchExtension.entitlements"; sourceTree = "<group>"; };
		1782BDBF2A112BC2000DA19F /* WristGraph Watch App.entitlements */ = {isa = PBXFileReference; lastKnownFileType = text.plist.entitlements; path = "WristGraph Watch App.entitlements"; sourceTree = "<group>"; };
		17F710F42A0B55870042D8F2 /* AccessToken.swift */ = {isa = PBXFileReference; lastKnownFileType = sourcecode.swift; path = AccessToken.swift; sourceTree = "<group>"; };
		17F710FC2A0B5B2F0042D8F2 /* GraphView.swift */ = {isa = PBXFileReference; lastKnownFileType = sourcecode.swift; path = GraphView.swift; sourceTree = "<group>"; };
		17F711002A0B5C990042D8F2 /* GraphElement.swift */ = {isa = PBXFileReference; lastKnownFileType = sourcecode.swift; path = GraphElement.swift; sourceTree = "<group>"; };
/* End PBXFileReference section */

/* Begin PBXFrameworksBuildPhase section */
		171551F22A10BBC80086CEEA /* Frameworks */ = {
			isa = PBXFrameworksBuildPhase;
			buildActionMask = 2147483647;
			files = (
				171551F72A10BBC80086CEEA /* SwiftUI.framework in Frameworks */,
				171551F62A10BBC80086CEEA /* WidgetKit.framework in Frameworks */,
				1715520D2A10BFDD0086CEEA /* Moya in Frameworks */,
			);
			runOnlyForDeploymentPostprocessing = 0;
		};
		173857222A0A98DF00DA7204 /* Frameworks */ = {
			isa = PBXFrameworksBuildPhase;
			buildActionMask = 2147483647;
			files = (
				179A7FA52A0ACBF2000276A2 /* Moya in Frameworks */,
			);
			runOnlyForDeploymentPostprocessing = 0;
		};
		173857322A0A98E100DA7204 /* Frameworks */ = {
			isa = PBXFrameworksBuildPhase;
			buildActionMask = 2147483647;
			files = (
				17FBBAFD2A0ACD8500B0C177 /* Moya in Frameworks */,
			);
			runOnlyForDeploymentPostprocessing = 0;
		};
/* End PBXFrameworksBuildPhase section */

/* Begin PBXGroup section */
		171551F82A10BBC80086CEEA /* WristGraphWidget Watch */ = {
			isa = PBXGroup;
			children = (
				171551F92A10BBC80086CEEA /* WristGraphWidget_WatchBundle.swift */,
				171551FB2A10BBC80086CEEA /* WristGraphWidget_Watch.swift */,
				171551FD2A10BBC90086CEEA /* Assets.xcassets */,
				171551FF2A10BBC90086CEEA /* Info.plist */,
			);
			path = "WristGraphWidget Watch";
			sourceTree = "<group>";
		};
		171C854A2A0D3E58004C11FF /* WatchConnection */ = {
			isa = PBXGroup;
			children = (
				171C854B2A0D3E7C004C11FF /* WatchConnectivityManager.swift */,
			);
			path = WatchConnection;
			sourceTree = "<group>";
		};
		1738571C2A0A98DF00DA7204 = {
			isa = PBXGroup;
			children = (
				175E12FD2A13700E00679E04 /* WristGraphWidget WatchExtension.entitlements */,
				171C854A2A0D3E58004C11FF /* WatchConnection */,
				1738574C2A0AA99800DA7204 /* API */,
				17F710FF2A0B5C420042D8F2 /* Graph */,
				173857272A0A98DF00DA7204 /* WristGraph */,
				173857392A0A98E100DA7204 /* WristGraph Watch App */,
				171551F82A10BBC80086CEEA /* WristGraphWidget Watch */,
				173857262A0A98DF00DA7204 /* Products */,
				179A7F9D2A0AC833000276A2 /* Frameworks */,
			);
			sourceTree = "<group>";
		};
		173857262A0A98DF00DA7204 /* Products */ = {
			isa = PBXGroup;
			children = (
				173857252A0A98DF00DA7204 /* WristGraph.app */,
				173857352A0A98E100DA7204 /* WristGraph Watch App.app */,
				171551F52A10BBC80086CEEA /* WristGraphWidget WatchExtension.appex */,
			);
			name = Products;
			sourceTree = "<group>";
		};
		173857272A0A98DF00DA7204 /* WristGraph */ = {
			isa = PBXGroup;
			children = (
				175E12FC2A136D6F00679E04 /* WristGraph.entitlements */,
				173857282A0A98DF00DA7204 /* WristGraphApp.swift */,
				1738572A2A0A98DF00DA7204 /* ContentView.swift */,
				171232482A0EB42D00DB3338 /* SheetView.swift */,
				1738572C2A0A98E100DA7204 /* Assets.xcassets */,
				1738572E2A0A98E100DA7204 /* Preview Content */,
			);
			path = WristGraph;
			sourceTree = "<group>";
		};
		1738572E2A0A98E100DA7204 /* Preview Content */ = {
			isa = PBXGroup;
			children = (
				1738572F2A0A98E100DA7204 /* Preview Assets.xcassets */,
			);
			path = "Preview Content";
			sourceTree = "<group>";
		};
		173857392A0A98E100DA7204 /* WristGraph Watch App */ = {
			isa = PBXGroup;
			children = (
				1782BDBF2A112BC2000DA19F /* WristGraph Watch App.entitlements */,
				1738573A2A0A98E100DA7204 /* WristGraphApp.swift */,
				1738573C2A0A98E100DA7204 /* ContentView.swift */,
				1738573E2A0A98E100DA7204 /* Assets.xcassets */,
				173857402A0A98E100DA7204 /* Preview Content */,
			);
			path = "WristGraph Watch App";
			sourceTree = "<group>";
		};
		173857402A0A98E100DA7204 /* Preview Content */ = {
			isa = PBXGroup;
			children = (
				173857412A0A98E100DA7204 /* Preview Assets.xcassets */,
			);
			path = "Preview Content";
			sourceTree = "<group>";
		};
		1738574C2A0AA99800DA7204 /* API */ = {
			isa = PBXGroup;
			children = (
				17F710F42A0B55870042D8F2 /* AccessToken.swift */,
				173857562A0AB70800DA7204 /* Target.swift */,
				1738575D2A0ABF7F00DA7204 /* APIClient.swift */,
				173857602A0AC00300DA7204 /* ParseModel.swift */,
			);
			path = API;
			sourceTree = "<group>";
		};
		179A7F9D2A0AC833000276A2 /* Frameworks */ = {
			isa = PBXGroup;
			children = (
				1745896E2A0ECC0B00D0FC47 /* WatchConnectivity.framework */,
				174589702A0ECC1900D0FC47 /* WatchConnectivity.framework */,
				1745896C2A0ECBD700D0FC47 /* WatchKit.framework */,
				1715519E2A10A8C00086CEEA /* WidgetKit.framework */,
				171551A02A10A8C00086CEEA /* SwiftUI.framework */,
			);
			name = Frameworks;
			sourceTree = "<group>";
		};
		17F710FF2A0B5C420042D8F2 /* Graph */ = {
			isa = PBXGroup;
			children = (
				17F710FC2A0B5B2F0042D8F2 /* GraphView.swift */,
				17F711002A0B5C990042D8F2 /* GraphElement.swift */,
			);
			path = Graph;
			sourceTree = "<group>";
		};
/* End PBXGroup section */

/* Begin PBXNativeTarget section */
		171551F42A10BBC80086CEEA /* WristGraphWidget WatchExtension */ = {
			isa = PBXNativeTarget;
			buildConfigurationList = 171552002A10BBC90086CEEA /* Build configuration list for PBXNativeTarget "WristGraphWidget WatchExtension" */;
			buildPhases = (
				171551F12A10BBC80086CEEA /* Sources */,
				171551F22A10BBC80086CEEA /* Frameworks */,
				171551F32A10BBC80086CEEA /* Resources */,
			);
			buildRules = (
			);
			dependencies = (
			);
			name = "WristGraphWidget WatchExtension";
			packageProductDependencies = (
				1715520C2A10BFDD0086CEEA /* Moya */,
			);
			productName = "WristGraphWidget WatchExtension";
			productReference = 171551F52A10BBC80086CEEA /* WristGraphWidget WatchExtension.appex */;
			productType = "com.apple.product-type.app-extension";
		};
		173857242A0A98DF00DA7204 /* WristGraph */ = {
			isa = PBXNativeTarget;
			buildConfigurationList = 173857492A0A98E100DA7204 /* Build configuration list for PBXNativeTarget "WristGraph" */;
			buildPhases = (
				173857212A0A98DF00DA7204 /* Sources */,
				173857222A0A98DF00DA7204 /* Frameworks */,
				173857232A0A98DF00DA7204 /* Resources */,
				173857482A0A98E100DA7204 /* Embed Watch Content */,
				171551B32A10A8C10086CEEA /* Embed Foundation Extensions */,
			);
			buildRules = (
			);
			dependencies = (
				173857382A0A98E100DA7204 /* PBXTargetDependency */,
			);
			name = WristGraph;
			packageProductDependencies = (
				179A7FA42A0ACBF2000276A2 /* Moya */,
			);
			productName = WristGraph;
			productReference = 173857252A0A98DF00DA7204 /* WristGraph.app */;
			productType = "com.apple.product-type.application";
		};
		173857342A0A98E100DA7204 /* WristGraph Watch App */ = {
			isa = PBXNativeTarget;
			buildConfigurationList = 173857452A0A98E100DA7204 /* Build configuration list for PBXNativeTarget "WristGraph Watch App" */;
			buildPhases = (
				173857312A0A98E100DA7204 /* Sources */,
				173857322A0A98E100DA7204 /* Frameworks */,
				173857332A0A98E100DA7204 /* Resources */,
				171551ED2A10B9850086CEEA /* Embed Foundation Extensions */,
			);
			buildRules = (
			);
			dependencies = (
				171552052A10BC250086CEEA /* PBXTargetDependency */,
			);
			name = "WristGraph Watch App";
			packageProductDependencies = (
				17FBBAFC2A0ACD8500B0C177 /* Moya */,
			);
			productName = "WristGraph Watch App";
			productReference = 173857352A0A98E100DA7204 /* WristGraph Watch App.app */;
			productType = "com.apple.product-type.application";
		};
/* End PBXNativeTarget section */

/* Begin PBXProject section */
		1738571D2A0A98DF00DA7204 /* Project object */ = {
			isa = PBXProject;
			attributes = {
				BuildIndependentTargetsInParallel = 1;
				LastSwiftUpdateCheck = 1430;
				LastUpgradeCheck = 1430;
				TargetAttributes = {
					171551F42A10BBC80086CEEA = {
						CreatedOnToolsVersion = 14.3;
					};
					173857242A0A98DF00DA7204 = {
						CreatedOnToolsVersion = 14.3;
					};
					173857342A0A98E100DA7204 = {
						CreatedOnToolsVersion = 14.3;
					};
				};
			};
			buildConfigurationList = 173857202A0A98DF00DA7204 /* Build configuration list for PBXProject "WristGraph" */;
			compatibilityVersion = "Xcode 14.0";
			developmentRegion = en;
			hasScannedForEncodings = 0;
			knownRegions = (
				en,
				Base,
			);
			mainGroup = 1738571C2A0A98DF00DA7204;
			packageReferences = (
				179A7FA32A0ACBF2000276A2 /* XCRemoteSwiftPackageReference "Moya" */,
			);
			productRefGroup = 173857262A0A98DF00DA7204 /* Products */;
			projectDirPath = "";
			projectRoot = "";
			targets = (
				173857242A0A98DF00DA7204 /* WristGraph */,
				173857342A0A98E100DA7204 /* WristGraph Watch App */,
				171551F42A10BBC80086CEEA /* WristGraphWidget WatchExtension */,
			);
		};
/* End PBXProject section */

/* Begin PBXResourcesBuildPhase section */
		171551F32A10BBC80086CEEA /* Resources */ = {
			isa = PBXResourcesBuildPhase;
			buildActionMask = 2147483647;
			files = (
				171551FE2A10BBC90086CEEA /* Assets.xcassets in Resources */,
			);
			runOnlyForDeploymentPostprocessing = 0;
		};
		173857232A0A98DF00DA7204 /* Resources */ = {
			isa = PBXResourcesBuildPhase;
			buildActionMask = 2147483647;
			files = (
				173857302A0A98E100DA7204 /* Preview Assets.xcassets in Resources */,
				1738572D2A0A98E100DA7204 /* Assets.xcassets in Resources */,
			);
			runOnlyForDeploymentPostprocessing = 0;
		};
		173857332A0A98E100DA7204 /* Resources */ = {
			isa = PBXResourcesBuildPhase;
			buildActionMask = 2147483647;
			files = (
				173857422A0A98E100DA7204 /* Preview Assets.xcassets in Resources */,
				1738573F2A0A98E100DA7204 /* Assets.xcassets in Resources */,
			);
			runOnlyForDeploymentPostprocessing = 0;
		};
/* End PBXResourcesBuildPhase section */

/* Begin PBXSourcesBuildPhase section */
		171551F12A10BBC80086CEEA /* Sources */ = {
			isa = PBXSourcesBuildPhase;
			buildActionMask = 2147483647;
			files = (
				171552092A10BF770086CEEA /* Target.swift in Sources */,
				171551FC2A10BBC80086CEEA /* WristGraphWidget_Watch.swift in Sources */,
				171552072A10BF6B0086CEEA /* GraphElement.swift in Sources */,
				1715520A2A10BF770086CEEA /* ParseModel.swift in Sources */,
				171551FA2A10BBC80086CEEA /* WristGraphWidget_WatchBundle.swift in Sources */,
				171552082A10BF770086CEEA /* APIClient.swift in Sources */,
				171552062A10BF490086CEEA /* GraphView.swift in Sources */,
				1715520B2A10BF770086CEEA /* AccessToken.swift in Sources */,
			);
			runOnlyForDeploymentPostprocessing = 0;
		};
		173857212A0A98DF00DA7204 /* Sources */ = {
			isa = PBXSourcesBuildPhase;
			buildActionMask = 2147483647;
			files = (
				1738572B2A0A98DF00DA7204 /* ContentView.swift in Sources */,
				17F711012A0B5C990042D8F2 /* GraphElement.swift in Sources */,
				173857612A0AC00300DA7204 /* ParseModel.swift in Sources */,
				171C854C2A0D3E7C004C11FF /* WatchConnectivityManager.swift in Sources */,
				171232492A0EB42D00DB3338 /* SheetView.swift in Sources */,
				17F710FD2A0B5B2F0042D8F2 /* GraphView.swift in Sources */,
				173857292A0A98DF00DA7204 /* WristGraphApp.swift in Sources */,
				173857572A0AB70800DA7204 /* Target.swift in Sources */,
				1738575E2A0ABF7F00DA7204 /* APIClient.swift in Sources */,
				17F710F52A0B55870042D8F2 /* AccessToken.swift in Sources */,
			);
			runOnlyForDeploymentPostprocessing = 0;
		};
		173857312A0A98E100DA7204 /* Sources */ = {
			isa = PBXSourcesBuildPhase;
			buildActionMask = 2147483647;
			files = (
				1738573D2A0A98E100DA7204 /* ContentView.swift in Sources */,
				17F711022A0B5C990042D8F2 /* GraphElement.swift in Sources */,
				1738573B2A0A98E100DA7204 /* WristGraphApp.swift in Sources */,
				171C854D2A0D3E7C004C11FF /* WatchConnectivityManager.swift in Sources */,
				17F710FE2A0B5B2F0042D8F2 /* GraphView.swift in Sources */,
				17F710F62A0B57100042D8F2 /* ParseModel.swift in Sources */,
				173857582A0AB70800DA7204 /* Target.swift in Sources */,
				1738575F2A0ABF7F00DA7204 /* APIClient.swift in Sources */,
				17F710F72A0B57250042D8F2 /* AccessToken.swift in Sources */,
			);
			runOnlyForDeploymentPostprocessing = 0;
		};
/* End PBXSourcesBuildPhase section */

/* Begin PBXTargetDependency section */
		171552052A10BC250086CEEA /* PBXTargetDependency */ = {
			isa = PBXTargetDependency;
			target = 171551F42A10BBC80086CEEA /* WristGraphWidget WatchExtension */;
			targetProxy = 171552042A10BC250086CEEA /* PBXContainerItemProxy */;
		};
		173857382A0A98E100DA7204 /* PBXTargetDependency */ = {
			isa = PBXTargetDependency;
			target = 173857342A0A98E100DA7204 /* WristGraph Watch App */;
			targetProxy = 173857372A0A98E100DA7204 /* PBXContainerItemProxy */;
		};
/* End PBXTargetDependency section */

/* Begin XCBuildConfiguration section */
		171552012A10BBC90086CEEA /* Debug */ = {
			isa = XCBuildConfiguration;
			buildSettings = {
				ASSETCATALOG_COMPILER_GLOBAL_ACCENT_COLOR_NAME = AccentColor;
				ASSETCATALOG_COMPILER_WIDGET_BACKGROUND_COLOR_NAME = WidgetBackground;
				CODE_SIGN_ENTITLEMENTS = "WristGraphWidget WatchExtension.entitlements";
				CODE_SIGN_STYLE = Automatic;
				CURRENT_PROJECT_VERSION = 1;
				DEVELOPMENT_TEAM = N38H3ZBTB2;
				GENERATE_INFOPLIST_FILE = YES;
				INFOPLIST_FILE = "WristGraphWidget Watch/Info.plist";
				INFOPLIST_KEY_CFBundleDisplayName = "WristGraphWidget Watch";
				INFOPLIST_KEY_NSHumanReadableCopyright = "";
				IPHONEOS_DEPLOYMENT_TARGET = 16.4;
				LD_RUNPATH_SEARCH_PATHS = (
					"$(inherited)",
					"@executable_path/Frameworks",
					"@executable_path/../../Frameworks",
				);
				MARKETING_VERSION = 1.0;
				PRODUCT_BUNDLE_IDENTIFIER = "com.hikaruaohara.WristGraph.watchkitapp.WristGraphWidget-Watch";
				PRODUCT_NAME = "$(TARGET_NAME)";
				SDKROOT = watchos;
				SKIP_INSTALL = YES;
				SWIFT_EMIT_LOC_STRINGS = YES;
				SWIFT_VERSION = 5.0;
				TARGETED_DEVICE_FAMILY = 4;
				WATCHOS_DEPLOYMENT_TARGET = 9.4;
			};
			name = Debug;
		};
		171552022A10BBC90086CEEA /* Release */ = {
			isa = XCBuildConfiguration;
			buildSettings = {
				ASSETCATALOG_COMPILER_GLOBAL_ACCENT_COLOR_NAME = AccentColor;
				ASSETCATALOG_COMPILER_WIDGET_BACKGROUND_COLOR_NAME = WidgetBackground;
				CODE_SIGN_ENTITLEMENTS = "WristGraphWidget WatchExtension.entitlements";
				CODE_SIGN_STYLE = Automatic;
				CURRENT_PROJECT_VERSION = 1;
				DEVELOPMENT_TEAM = N38H3ZBTB2;
				GENERATE_INFOPLIST_FILE = YES;
				INFOPLIST_FILE = "WristGraphWidget Watch/Info.plist";
				INFOPLIST_KEY_CFBundleDisplayName = "WristGraphWidget Watch";
				INFOPLIST_KEY_NSHumanReadableCopyright = "";
				IPHONEOS_DEPLOYMENT_TARGET = 16.4;
				LD_RUNPATH_SEARCH_PATHS = (
					"$(inherited)",
					"@executable_path/Frameworks",
					"@executable_path/../../Frameworks",
				);
				MARKETING_VERSION = 1.0;
				PRODUCT_BUNDLE_IDENTIFIER = "com.hikaruaohara.WristGraph.watchkitapp.WristGraphWidget-Watch";
				PRODUCT_NAME = "$(TARGET_NAME)";
				SDKROOT = watchos;
				SKIP_INSTALL = YES;
				SWIFT_EMIT_LOC_STRINGS = YES;
				SWIFT_VERSION = 5.0;
				TARGETED_DEVICE_FAMILY = 4;
				VALIDATE_PRODUCT = YES;
				WATCHOS_DEPLOYMENT_TARGET = 9.4;
			};
			name = Release;
		};
		173857432A0A98E100DA7204 /* Debug */ = {
			isa = XCBuildConfiguration;
			buildSettings = {
				ALWAYS_SEARCH_USER_PATHS = NO;
				CLANG_ANALYZER_NONNULL = YES;
				CLANG_ANALYZER_NUMBER_OBJECT_CONVERSION = YES_AGGRESSIVE;
				CLANG_CXX_LANGUAGE_STANDARD = "gnu++20";
				CLANG_ENABLE_MODULES = YES;
				CLANG_ENABLE_OBJC_ARC = YES;
				CLANG_ENABLE_OBJC_WEAK = YES;
				CLANG_WARN_BLOCK_CAPTURE_AUTORELEASING = YES;
				CLANG_WARN_BOOL_CONVERSION = YES;
				CLANG_WARN_COMMA = YES;
				CLANG_WARN_CONSTANT_CONVERSION = YES;
				CLANG_WARN_DEPRECATED_OBJC_IMPLEMENTATIONS = YES;
				CLANG_WARN_DIRECT_OBJC_ISA_USAGE = YES_ERROR;
				CLANG_WARN_DOCUMENTATION_COMMENTS = YES;
				CLANG_WARN_EMPTY_BODY = YES;
				CLANG_WARN_ENUM_CONVERSION = YES;
				CLANG_WARN_INFINITE_RECURSION = YES;
				CLANG_WARN_INT_CONVERSION = YES;
				CLANG_WARN_NON_LITERAL_NULL_CONVERSION = YES;
				CLANG_WARN_OBJC_IMPLICIT_RETAIN_SELF = YES;
				CLANG_WARN_OBJC_LITERAL_CONVERSION = YES;
				CLANG_WARN_OBJC_ROOT_CLASS = YES_ERROR;
				CLANG_WARN_QUOTED_INCLUDE_IN_FRAMEWORK_HEADER = YES;
				CLANG_WARN_RANGE_LOOP_ANALYSIS = YES;
				CLANG_WARN_STRICT_PROTOTYPES = YES;
				CLANG_WARN_SUSPICIOUS_MOVE = YES;
				CLANG_WARN_UNGUARDED_AVAILABILITY = YES_AGGRESSIVE;
				CLANG_WARN_UNREACHABLE_CODE = YES;
				CLANG_WARN__DUPLICATE_METHOD_MATCH = YES;
				COPY_PHASE_STRIP = NO;
				DEBUG_INFORMATION_FORMAT = dwarf;
				ENABLE_STRICT_OBJC_MSGSEND = YES;
				ENABLE_TESTABILITY = YES;
				GCC_C_LANGUAGE_STANDARD = gnu11;
				GCC_DYNAMIC_NO_PIC = NO;
				GCC_NO_COMMON_BLOCKS = YES;
				GCC_OPTIMIZATION_LEVEL = 0;
				GCC_PREPROCESSOR_DEFINITIONS = (
					"DEBUG=1",
					"$(inherited)",
				);
				GCC_WARN_64_TO_32_BIT_CONVERSION = YES;
				GCC_WARN_ABOUT_RETURN_TYPE = YES_ERROR;
				GCC_WARN_UNDECLARED_SELECTOR = YES;
				GCC_WARN_UNINITIALIZED_AUTOS = YES_AGGRESSIVE;
				GCC_WARN_UNUSED_FUNCTION = YES;
				GCC_WARN_UNUSED_VARIABLE = YES;
				MTL_ENABLE_DEBUG_INFO = INCLUDE_SOURCE;
				MTL_FAST_MATH = YES;
				ONLY_ACTIVE_ARCH = YES;
				SWIFT_ACTIVE_COMPILATION_CONDITIONS = DEBUG;
				SWIFT_OPTIMIZATION_LEVEL = "-Onone";
				TARGETED_DEVICE_FAMILY = "";
			};
			name = Debug;
		};
		173857442A0A98E100DA7204 /* Release */ = {
			isa = XCBuildConfiguration;
			buildSettings = {
				ALWAYS_SEARCH_USER_PATHS = NO;
				CLANG_ANALYZER_NONNULL = YES;
				CLANG_ANALYZER_NUMBER_OBJECT_CONVERSION = YES_AGGRESSIVE;
				CLANG_CXX_LANGUAGE_STANDARD = "gnu++20";
				CLANG_ENABLE_MODULES = YES;
				CLANG_ENABLE_OBJC_ARC = YES;
				CLANG_ENABLE_OBJC_WEAK = YES;
				CLANG_WARN_BLOCK_CAPTURE_AUTORELEASING = YES;
				CLANG_WARN_BOOL_CONVERSION = YES;
				CLANG_WARN_COMMA = YES;
				CLANG_WARN_CONSTANT_CONVERSION = YES;
				CLANG_WARN_DEPRECATED_OBJC_IMPLEMENTATIONS = YES;
				CLANG_WARN_DIRECT_OBJC_ISA_USAGE = YES_ERROR;
				CLANG_WARN_DOCUMENTATION_COMMENTS = YES;
				CLANG_WARN_EMPTY_BODY = YES;
				CLANG_WARN_ENUM_CONVERSION = YES;
				CLANG_WARN_INFINITE_RECURSION = YES;
				CLANG_WARN_INT_CONVERSION = YES;
				CLANG_WARN_NON_LITERAL_NULL_CONVERSION = YES;
				CLANG_WARN_OBJC_IMPLICIT_RETAIN_SELF = YES;
				CLANG_WARN_OBJC_LITERAL_CONVERSION = YES;
				CLANG_WARN_OBJC_ROOT_CLASS = YES_ERROR;
				CLANG_WARN_QUOTED_INCLUDE_IN_FRAMEWORK_HEADER = YES;
				CLANG_WARN_RANGE_LOOP_ANALYSIS = YES;
				CLANG_WARN_STRICT_PROTOTYPES = YES;
				CLANG_WARN_SUSPICIOUS_MOVE = YES;
				CLANG_WARN_UNGUARDED_AVAILABILITY = YES_AGGRESSIVE;
				CLANG_WARN_UNREACHABLE_CODE = YES;
				CLANG_WARN__DUPLICATE_METHOD_MATCH = YES;
				COPY_PHASE_STRIP = NO;
				DEBUG_INFORMATION_FORMAT = "dwarf-with-dsym";
				ENABLE_NS_ASSERTIONS = NO;
				ENABLE_STRICT_OBJC_MSGSEND = YES;
				GCC_C_LANGUAGE_STANDARD = gnu11;
				GCC_NO_COMMON_BLOCKS = YES;
				GCC_WARN_64_TO_32_BIT_CONVERSION = YES;
				GCC_WARN_ABOUT_RETURN_TYPE = YES_ERROR;
				GCC_WARN_UNDECLARED_SELECTOR = YES;
				GCC_WARN_UNINITIALIZED_AUTOS = YES_AGGRESSIVE;
				GCC_WARN_UNUSED_FUNCTION = YES;
				GCC_WARN_UNUSED_VARIABLE = YES;
				MTL_ENABLE_DEBUG_INFO = NO;
				MTL_FAST_MATH = YES;
				SWIFT_COMPILATION_MODE = wholemodule;
				SWIFT_OPTIMIZATION_LEVEL = "-O";
			};
			name = Release;
		};
		173857462A0A98E100DA7204 /* Debug */ = {
			isa = XCBuildConfiguration;
			buildSettings = {
				ASSETCATALOG_COMPILER_APPICON_NAME = AppIcon;
				ASSETCATALOG_COMPILER_GLOBAL_ACCENT_COLOR_NAME = AccentColor;
				CODE_SIGN_ENTITLEMENTS = "WristGraph Watch App/WristGraph Watch App.entitlements";
				CODE_SIGN_STYLE = Automatic;
				CURRENT_PROJECT_VERSION = 1;
				DEVELOPMENT_ASSET_PATHS = "\"WristGraph Watch App/Preview Content\"";
				DEVELOPMENT_TEAM = N38H3ZBTB2;
				ENABLE_PREVIEWS = YES;
				GENERATE_INFOPLIST_FILE = YES;
				INFOPLIST_KEY_CFBundleDisplayName = WristGraph;
				INFOPLIST_KEY_UISupportedInterfaceOrientations = "UIInterfaceOrientationPortrait UIInterfaceOrientationPortraitUpsideDown";
				INFOPLIST_KEY_WKCompanionAppBundleIdentifier = com.icloud.hikaruaohara.WristGraph;
				LD_RUNPATH_SEARCH_PATHS = (
					"$(inherited)",
					"@executable_path/Frameworks",
				);
				MARKETING_VERSION = 1.0;
				PRODUCT_BUNDLE_IDENTIFIER = com.hikaruaohara.WristGraph.watchkitapp;
				PRODUCT_NAME = "$(TARGET_NAME)";
				SDKROOT = watchos;
				SKIP_INSTALL = YES;
				SWIFT_EMIT_LOC_STRINGS = YES;
				SWIFT_VERSION = 5.0;
				TARGETED_DEVICE_FAMILY = 4;
				WATCHOS_DEPLOYMENT_TARGET = 9.4;
			};
			name = Debug;
		};
		173857472A0A98E100DA7204 /* Release */ = {
			isa = XCBuildConfiguration;
			buildSettings = {
				ASSETCATALOG_COMPILER_APPICON_NAME = AppIcon;
				ASSETCATALOG_COMPILER_GLOBAL_ACCENT_COLOR_NAME = AccentColor;
				CODE_SIGN_ENTITLEMENTS = "WristGraph Watch App/WristGraph Watch App.entitlements";
				CODE_SIGN_STYLE = Automatic;
				CURRENT_PROJECT_VERSION = 1;
				DEVELOPMENT_ASSET_PATHS = "\"WristGraph Watch App/Preview Content\"";
				DEVELOPMENT_TEAM = N38H3ZBTB2;
				ENABLE_PREVIEWS = YES;
				GENERATE_INFOPLIST_FILE = YES;
				INFOPLIST_KEY_CFBundleDisplayName = WristGraph;
				INFOPLIST_KEY_UISupportedInterfaceOrientations = "UIInterfaceOrientationPortrait UIInterfaceOrientationPortraitUpsideDown";
				INFOPLIST_KEY_WKCompanionAppBundleIdentifier = com.icloud.hikaruaohara.WristGraph;
				LD_RUNPATH_SEARCH_PATHS = (
					"$(inherited)",
					"@executable_path/Frameworks",
				);
				MARKETING_VERSION = 1.0;
				PRODUCT_BUNDLE_IDENTIFIER = com.hikaruaohara.WristGraph.watchkitapp;
				PRODUCT_NAME = "$(TARGET_NAME)";
				SDKROOT = watchos;
				SKIP_INSTALL = YES;
				SWIFT_EMIT_LOC_STRINGS = YES;
				SWIFT_VERSION = 5.0;
				TARGETED_DEVICE_FAMILY = 4;
				VALIDATE_PRODUCT = YES;
				WATCHOS_DEPLOYMENT_TARGET = 9.4;
			};
			name = Release;
		};
		1738574A2A0A98E100DA7204 /* Debug */ = {
			isa = XCBuildConfiguration;
			buildSettings = {
				ALWAYS_EMBED_SWIFT_STANDARD_LIBRARIES = YES;
				ASSETCATALOG_COMPILER_APPICON_NAME = AppIcon;
				ASSETCATALOG_COMPILER_GLOBAL_ACCENT_COLOR_NAME = AccentColor;
				CODE_SIGN_ENTITLEMENTS = WristGraph/WristGraph.entitlements;
				CODE_SIGN_IDENTITY = "Apple Development";
				CODE_SIGN_STYLE = Automatic;
				CURRENT_PROJECT_VERSION = 1;
				DEVELOPMENT_ASSET_PATHS = "\"WristGraph/Preview Content\"";
				DEVELOPMENT_TEAM = N38H3ZBTB2;
				ENABLE_PREVIEWS = YES;
				GENERATE_INFOPLIST_FILE = YES;
				INFOPLIST_KEY_CFBundleDisplayName = WristGraph;
				INFOPLIST_KEY_UIApplicationSceneManifest_Generation = YES;
				INFOPLIST_KEY_UIApplicationSupportsIndirectInputEvents = YES;
				INFOPLIST_KEY_UILaunchScreen_Generation = YES;
				INFOPLIST_KEY_UISupportedInterfaceOrientations = UIInterfaceOrientationPortrait;
				INFOPLIST_KEY_UISupportedInterfaceOrientations_iPad = "UIInterfaceOrientationLandscapeLeft UIInterfaceOrientationLandscapeRight UIInterfaceOrientationPortrait UIInterfaceOrientationPortraitUpsideDown";
				IPHONEOS_DEPLOYMENT_TARGET = 16.4;
				LD_RUNPATH_SEARCH_PATHS = (
					"$(inherited)",
					"@executable_path/Frameworks",
				);
				MARKETING_VERSION = 1.0;
				PRODUCT_BUNDLE_IDENTIFIER = com.hikaruaohara.WristGraph;
				PRODUCT_NAME = "$(TARGET_NAME)";
				PROVISIONING_PROFILE_SPECIFIER = "";
				SDKROOT = iphoneos;
				SUPPORTED_PLATFORMS = "iphoneos iphonesimulator";
				SUPPORTS_MACCATALYST = NO;
				SUPPORTS_MAC_DESIGNED_FOR_IPHONE_IPAD = NO;
				SWIFT_EMIT_LOC_STRINGS = YES;
				SWIFT_VERSION = 5.0;
				TARGETED_DEVICE_FAMILY = 1;
			};
			name = Debug;
		};
		1738574B2A0A98E100DA7204 /* Release */ = {
			isa = XCBuildConfiguration;
			buildSettings = {
				ALWAYS_EMBED_SWIFT_STANDARD_LIBRARIES = YES;
				ASSETCATALOG_COMPILER_APPICON_NAME = AppIcon;
				ASSETCATALOG_COMPILER_GLOBAL_ACCENT_COLOR_NAME = AccentColor;
				CODE_SIGN_ENTITLEMENTS = WristGraph/WristGraph.entitlements;
				CODE_SIGN_IDENTITY = "Apple Development";
				CODE_SIGN_STYLE = Automatic;
				CURRENT_PROJECT_VERSION = 1;
				DEVELOPMENT_ASSET_PATHS = "\"WristGraph/Preview Content\"";
				DEVELOPMENT_TEAM = N38H3ZBTB2;
				ENABLE_PREVIEWS = YES;
				GENERATE_INFOPLIST_FILE = YES;
				INFOPLIST_KEY_CFBundleDisplayName = WristGraph;
				INFOPLIST_KEY_UIApplicationSceneManifest_Generation = YES;
				INFOPLIST_KEY_UIApplicationSupportsIndirectInputEvents = YES;
				INFOPLIST_KEY_UILaunchScreen_Generation = YES;
				INFOPLIST_KEY_UISupportedInterfaceOrientations = UIInterfaceOrientationPortrait;
				INFOPLIST_KEY_UISupportedInterfaceOrientations_iPad = "UIInterfaceOrientationLandscapeLeft UIInterfaceOrientationLandscapeRight UIInterfaceOrientationPortrait UIInterfaceOrientationPortraitUpsideDown";
				IPHONEOS_DEPLOYMENT_TARGET = 16.4;
				LD_RUNPATH_SEARCH_PATHS = (
					"$(inherited)",
					"@executable_path/Frameworks",
				);
				MARKETING_VERSION = 1.0;
				PRODUCT_BUNDLE_IDENTIFIER = com.hikaruaohara.WristGraph;
				PRODUCT_NAME = "$(TARGET_NAME)";
				PROVISIONING_PROFILE_SPECIFIER = "";
				SDKROOT = iphoneos;
				SUPPORTED_PLATFORMS = "iphoneos iphonesimulator";
				SUPPORTS_MACCATALYST = NO;
				SUPPORTS_MAC_DESIGNED_FOR_IPHONE_IPAD = NO;
				SWIFT_EMIT_LOC_STRINGS = YES;
				SWIFT_VERSION = 5.0;
				TARGETED_DEVICE_FAMILY = 1;
				VALIDATE_PRODUCT = YES;
			};
			name = Release;
		};
/* End XCBuildConfiguration section */

/* Begin XCConfigurationList section */
		171552002A10BBC90086CEEA /* Build configuration list for PBXNativeTarget "WristGraphWidget WatchExtension" */ = {
			isa = XCConfigurationList;
			buildConfigurations = (
				171552012A10BBC90086CEEA /* Debug */,
				171552022A10BBC90086CEEA /* Release */,
			);
			defaultConfigurationIsVisible = 0;
			defaultConfigurationName = Release;
		};
		173857202A0A98DF00DA7204 /* Build configuration list for PBXProject "WristGraph" */ = {
			isa = XCConfigurationList;
			buildConfigurations = (
				173857432A0A98E100DA7204 /* Debug */,
				173857442A0A98E100DA7204 /* Release */,
			);
			defaultConfigurationIsVisible = 0;
			defaultConfigurationName = Release;
		};
		173857452A0A98E100DA7204 /* Build configuration list for PBXNativeTarget "WristGraph Watch App" */ = {
			isa = XCConfigurationList;
			buildConfigurations = (
				173857462A0A98E100DA7204 /* Debug */,
				173857472A0A98E100DA7204 /* Release */,
			);
			defaultConfigurationIsVisible = 0;
			defaultConfigurationName = Release;
		};
		173857492A0A98E100DA7204 /* Build configuration list for PBXNativeTarget "WristGraph" */ = {
			isa = XCConfigurationList;
			buildConfigurations = (
				1738574A2A0A98E100DA7204 /* Debug */,
				1738574B2A0A98E100DA7204 /* Release */,
			);
			defaultConfigurationIsVisible = 0;
			defaultConfigurationName = Release;
		};
/* End XCConfigurationList section */

/* Begin XCRemoteSwiftPackageReference section */
		179A7FA32A0ACBF2000276A2 /* XCRemoteSwiftPackageReference "Moya" */ = {
			isa = XCRemoteSwiftPackageReference;
			repositoryURL = "https://github.com/Moya/Moya";
			requirement = {
				kind = upToNextMajorVersion;
				minimumVersion = 15.0.0;
			};
		};
/* End XCRemoteSwiftPackageReference section */

/* Begin XCSwiftPackageProductDependency section */
		1715520C2A10BFDD0086CEEA /* Moya */ = {
			isa = XCSwiftPackageProductDependency;
			package = 179A7FA32A0ACBF2000276A2 /* XCRemoteSwiftPackageReference "Moya" */;
			productName = Moya;
		};
		179A7FA42A0ACBF2000276A2 /* Moya */ = {
			isa = XCSwiftPackageProductDependency;
			package = 179A7FA32A0ACBF2000276A2 /* XCRemoteSwiftPackageReference "Moya" */;
			productName = Moya;
		};
		17FBBAFC2A0ACD8500B0C177 /* Moya */ = {
			isa = XCSwiftPackageProductDependency;
			package = 179A7FA32A0ACBF2000276A2 /* XCRemoteSwiftPackageReference "Moya" */;
			productName = Moya;
		};
/* End XCSwiftPackageProductDependency section */
	};
	rootObject = 1738571D2A0A98DF00DA7204 /* Project object */;
}
